GIT
  remote: https://github.com/bowerbird-app/RecordingStudio.git
  revision: 0d11c15ea74cc61207bcd3bdb56058b6ee1fc990
  tag: v4.2.1
  specs:
    recording_studio (4.2.1)
      rails (>= 8.1.0)

GIT
  remote: https://github.com/bowerbird-app/RecordingStudio_MCP.git
  revision: 0adf3006b860bc5c51288180d5d9f8f5aaecf464
  tag: v0.1.0
  specs:
    recording_studio_mcp (0.1.0)
      rails (~> 8.1.0)
      recording_studio (~> 4.2)
      recording_studio_api (~> 0.5.2)
      recording_studio_oauth (~> 0.1)

GIT
  remote: https://github.com/bowerbird-app/RecordingStudio_Oauth.git
  revision: a9e3ff582c9cbd40c3760a41f1dcb9f95f8ae3ff
  tag: v0.1.0
  specs:
    recording_studio_oauth (0.1.0)
      flat_pack (~> 0.1.144)
      rails (~> 8.1.0)
      recording_studio (~> 4.2)
      recording_studio_accessible (~> 0.9)
      recording_studio_admin (~> 2.0)
      recording_studio_api (~> 0.5.2)
      recording_studio_site_settings (~> 0.1)

GIT
  remote: https://github.com/bowerbird-app/RecordingStudio_accessible.git
  revision: bdff3ee3ace5cf3bfe33ba40476c1522cf1b6d61
  tag: v0.9.1
  specs:
    recording_studio_accessible (0.9.1)
      rails (~> 8.1.0)
      recording_studio (~> 4.2)

GIT
  remote: https://github.com/bowerbird-app/RecordingStudio_admin.git
  revision: 1c524c8e73ce66f7701a810abc989dff39ee93a9
  tag: v2.0.2
  specs:
    recording_studio_admin (2.0.2)
      flat_pack (~> 0.1.129)
      rails (~> 8.1.0)
      recording_studio_accessible (~> 0.6)

GIT
  remote: https://github.com/bowerbird-app/RecordingStudio_api.git
  revision: 6aebfe11066ef9b51f1b82ffedc0e59c25782625
  tag: v0.5.3
  specs:
    recording_studio_api (0.5.3)
      rails (~> 8.1.0)
      recording_studio (~> 4.2)
      recording_studio_accessible (~> 0.9)
      redis (~> 5.3)

GIT
  remote: https://github.com/bowerbird-app/RecordingStudio_attachable.git
  revision: 7945b22e0151d901daf6a242c54cfac4703148fb
  tag: v0.5.1
  specs:
    recording_studio_attachable (0.5.1)
      flat_pack (>= 0.1.135)
      rails (~> 8.1.0)
      recording_studio (~> 4.2)

GIT
  remote: https://github.com/bowerbird-app/RecordingStudio_root_switchable.git
  revision: 86c5216493899b5f578c26801b8cbb07a4344515
  tag: v0.5.1
  specs:
    recording_studio_root_switchable (0.5.1)
      flat_pack
      rails (~> 8.1.0)
      recording_studio (~> 4.1)
      recording_studio_accessible (~> 0.6)

GIT
  remote: https://github.com/bowerbird-app/RecordingStudio_site_settings.git
  revision: fdc54708838734d7657c376cbebb3c63f23384dd
  tag: v0.1.0
  specs:
    recording_studio_site_settings (0.1.0)
      flat_pack (>= 0.1.144)
      rails (~> 8.1.0)
      recording_studio (~> 4.2)
      recording_studio_accessible (~> 0.8)
      recording_studio_admin (~> 2.0)
      recording_studio_attachable (~> 0.5)

GIT
  remote: https://github.com/bowerbird-app/RecordingStudio_users.git
  revision: 62401500d19ae43d91c591d8071de7105952abf8
  tag: v0.11.0
  specs:
    recording_studio_user (0.11.0)
      devise (~> 5.0)
      flat_pack (>= 0.1.144)
      omniauth (~> 2.1)
      omniauth-apple (~> 1.3)
      omniauth-google-oauth2 (~> 1.2)
      omniauth-instagram-api (~> 0.1)
      omniauth-linkedin-openid (~> 1.0)
      omniauth-microsoft_graph (~> 2.0)
      omniauth-rails_csrf_protection (~> 1.0)
      rails (~> 8.1.0)
      recording_studio (~> 4.2)
      recording_studio_accessible (~> 0.8)
      recording_studio_admin (~> 2.0)
      recording_studio_attachable (~> 0.5.0)

PATH
  remote: vendor/flat_pack
  specs:
    flat_pack (0.1.171)
      pagy (~> 9.0)
      rails (>= 7.1, < 9)
      tailwind_merge (~> 0.13)
      view_component (~> 4.12.0)

GEM
  remote: https://rubygems.org/
  specs:
    action_text-trix (2.1.19)
      railties
    actioncable (8.1.3.1)
      actionpack (= 8.1.3.1)
      activesupport (= 8.1.3.1)
      nio4r (~> 2.0)
      websocket-driver (>= 0.6.1)
      zeitwerk (~> 2.6)
    actionmailbox (8.1.3.1)
      actionpack (= 8.1.3.1)
      activejob (= 8.1.3.1)
      activerecord (= 8.1.3.1)
      activestorage (= 8.1.3.1)
      activesupport (= 8.1.3.1)
      mail (>= 2.8.0)
    actionmailer (8.1.3.1)
      actionpack (= 8.1.3.1)
      actionview (= 8.1.3.1)
      activejob (= 8.1.3.1)
      activesupport (= 8.1.3.1)
      mail (>= 2.8.0)
      rails-dom-testing (~> 2.2)
    actionpack (8.1.3.1)
      actionview (= 8.1.3.1)
      activesupport (= 8.1.3.1)
      nokogiri (>= 1.8.5)
      rack (>= 2.2.4)
      rack-session (>= 1.0.1)
      rack-test (>= 0.6.3)
      rails-dom-testing (~> 2.2)
      rails-html-sanitizer (~> 1.6)
      useragent (~> 0.16)
    actiontext (8.1.3.1)
      action_text-trix (~> 2.1.15)
      actionpack (= 8.1.3.1)
      activerecord (= 8.1.3.1)
      activestorage (= 8.1.3.1)
      activesupport (= 8.1.3.1)
      globalid (>= 0.6.0)
      nokogiri (>= 1.8.5)
    actionview (8.1.3.1)
      activesupport (= 8.1.3.1)
      builder (~> 3.1)
      erubi (~> 1.11)
      rails-dom-testing (~> 2.2)
      rails-html-sanitizer (~> 1.6)
    activejob (8.1.3.1)
      activesupport (= 8.1.3.1)
      globalid (>= 0.3.6)
    activemodel (8.1.3.1)
      activesupport (= 8.1.3.1)
    activerecord (8.1.3.1)
      activemodel (= 8.1.3.1)
      activesupport (= 8.1.3.1)
      timeout (>= 0.4.0)
    activestorage (8.1.3.1)
      actionpack (= 8.1.3.1)
      activejob (= 8.1.3.1)
      activerecord (= 8.1.3.1)
      activesupport (= 8.1.3.1)
      marcel (~> 1.0)
    activesupport (8.1.3.1)
      base64
      bigdecimal
      concurrent-ruby (~> 1.0, >= 1.3.1)
      connection_pool (>= 2.2.5)
      drb
      i18n (>= 1.6, < 2)
      json
      logger (>= 1.4.2)
      minitest (>= 5.1)
      securerandom (>= 0.3)
      tzinfo (~> 2.0, >= 2.0.5)
      uri (>= 0.13.1)
    addressable (2.9.0)
      public_suffix (>= 2.0.2, < 8.0)
    aes_key_wrap (1.1.0)
    anonymous_loader (0.1.3)
      version_gem (~> 1.1, >= 1.1.14)
    auth-sanitizer (0.2.3)
      version_gem (~> 1.1, >= 1.1.14)
    base64 (0.3.0)
    bcrypt (3.1.22)
    bigdecimal (4.1.2)
    bindata (3.0.0)
    bindex (0.8.1)
    builder (3.3.0)
    capybara (3.40.0)
      addressable
      matrix
      mini_mime (>= 0.1.3)
      nokogiri (~> 1.11)
      rack (>= 1.6.0)
      rack-test (>= 0.6.3)
      regexp_parser (>= 1.5, < 3.0)
      xpath (~> 3.2)
    concurrent-ruby (1.3.8)
    connection_pool (3.0.2)
    crass (1.0.7)
    date (3.5.1)
    debug (1.11.1)
      irb (~> 1.10)
      reline (>= 0.3.8)
    devise (5.0.4)
      bcrypt (~> 3.0)
      orm_adapter (~> 0.1)
      railties (>= 7.0)
      responders
      warden (~> 1.2.3)
    drb (2.2.3)
    erb (6.0.7)
    erubi (1.13.1)
    faraday (2.14.3)
      faraday-net_http (>= 2.0, < 3.5)
      json
      logger
    faraday-follow_redirects (0.5.0)
      faraday (>= 1, < 3)
    faraday-net_http (3.4.4)
      net-http (~> 0.5)
    ffi (1.17.4-aarch64-linux-gnu)
    ffi (1.17.4-aarch64-linux-musl)
    ffi (1.17.4-arm-linux-gnu)
    ffi (1.17.4-arm-linux-musl)
    ffi (1.17.4-arm64-darwin)
    ffi (1.17.4-x86_64-darwin)
    ffi (1.17.4-x86_64-linux-gnu)
    ffi (1.17.4-x86_64-linux-musl)
    globalid (1.4.0)
      activesupport (>= 6.1)
    hashie (5.1.0)
      logger
    i18n (1.15.2)
      concurrent-ruby (~> 1.0)
    image_processing (1.14.0)
      mini_magick (>= 4.9.5, < 6)
      ruby-vips (>= 2.0.17, < 3)
    importmap-rails (2.2.3)
      actionpack (>= 6.0.0)
      activesupport (>= 6.0.0)
      railties (>= 6.0.0)
    io-console (0.9.2)
    irb (1.18.0)
      pp (>= 0.6.0)
      prism (>= 1.3.0)
      rdoc (>= 4.0.0)
      reline (>= 0.4.2)
    json (2.21.2)
    json-jwt (1.17.2)
      activesupport (>= 4.2)
      aes_key_wrap
      base64
      bindata
      faraday (~> 2.0)
      faraday-follow_redirects
    jwt (3.2.0)
      base64
    logger (1.7.0)
    loofah (2.25.2)
      crass (~> 1.0.2)
      nokogiri (>= 1.12.0)
    mail (2.9.1)
      logger
      mini_mime (>= 0.1.1)
      net-imap
      net-pop
      net-smtp
    marcel (1.2.1)
    matrix (0.4.3)
    mini_magick (5.4.0)
      logger
    mini_mime (1.1.5)
    minitest (6.0.6)
      drb (~> 2.0)
      prism (~> 1.5)
    multi_xml (0.9.1)
      bigdecimal (>= 3.1, < 5)
    net-http (0.9.1)
      uri (>= 0.11.1)
    net-imap (0.6.6)
      date
      net-protocol
    net-pop (0.1.2)
      net-protocol
    net-protocol (0.2.2)
      timeout
    net-smtp (0.5.1)
      net-protocol
    nio4r (2.7.5)
    nokogiri (1.19.4-aarch64-linux-gnu)
      racc (~> 1.4)
    nokogiri (1.19.4-aarch64-linux-musl)
      racc (~> 1.4)
    nokogiri (1.19.4-arm-linux-gnu)
      racc (~> 1.4)
    nokogiri (1.19.4-arm-linux-musl)
      racc (~> 1.4)
    nokogiri (1.19.4-arm64-darwin)
      racc (~> 1.4)
    nokogiri (1.19.4-x86_64-darwin)
      racc (~> 1.4)
    nokogiri (1.19.4-x86_64-linux-gnu)
      racc (~> 1.4)
    nokogiri (1.19.4-x86_64-linux-musl)
      racc (~> 1.4)
    oauth2 (2.0.25)
      anonymous_loader (~> 0.1, >= 0.1.3)
      auth-sanitizer (~> 0.2, >= 0.2.3)
      faraday (>= 0.17.3, < 4.0)
      jwt (>= 1.0, < 4.0)
      logger (~> 1.2)
      multi_xml (~> 0.5)
      rack (>= 1.2, < 4)
      snaky_hash (~> 2.0, >= 2.0.7)
      version_gem (~> 1.1, >= 1.1.14)
    omniauth (2.1.4)
      hashie (>= 3.4.6)
      logger
      rack (>= 2.2.3)
      rack-protection
    omniauth-apple (1.4.0)
      json-jwt
      omniauth-oauth2
    omniauth-google-oauth2 (1.2.3)
      jwt (>= 2.9.2, < 4)
      oauth2 (~> 2.0)
      omniauth (~> 2.0)
      omniauth-oauth2 (~> 1.8)
    omniauth-instagram-api (0.1.0)
      oauth2 (~> 2.0)
      omniauth (~> 2.0)
      omniauth-oauth2 (~> 1.8)
    omniauth-linkedin-openid (1.0.2)
      oauth2 (~> 2.0)
      omniauth (~> 2.0)
      omniauth-oauth2 (~> 1.8)
    omniauth-microsoft_graph (2.2.0)
      jwt (>= 2.0, < 4.0)
      omniauth (~> 2.0)
      omniauth-oauth2 (~> 1.8.0)
    omniauth-oauth2 (1.8.0)
      oauth2 (>= 1.4, < 3)
      omniauth (~> 2.0)
    omniauth-rails_csrf_protection (1.0.2)
      actionpack (>= 4.2)
      omniauth (~> 2.0)
    orm_adapter (0.5.0)
    pagy (9.4.0)
    pg (1.6.3)
    pg (1.6.3-aarch64-linux)
    pg (1.6.3-aarch64-linux-musl)
    pg (1.6.3-arm64-darwin)
    pg (1.6.3-x86_64-darwin)
    pg (1.6.3-x86_64-linux)
    pg (1.6.3-x86_64-linux-musl)
    pp (0.6.4)
      prettyprint
    prettyprint (0.2.0)
    prism (1.9.0)
    propshaft (1.3.1)
      actionpack (>= 7.0.0)
      activesupport (>= 7.0.0)
      rack
    public_suffix (7.0.5)
    puma (8.0.2)
      nio4r (~> 2.0)
    racc (1.8.1)
    rack (3.2.7)
    rack-protection (4.2.1)
      base64 (>= 0.1.0)
      logger (>= 1.6.0)
      rack (>= 3.0.0, < 4)
    rack-session (2.1.2)
      base64 (>= 0.1.0)
      rack (>= 3.0.0)
    rack-test (2.2.0)
      rack (>= 1.3)
    rackup (2.3.1)
      rack (>= 3)
    rails (8.1.3.1)
      actioncable (= 8.1.3.1)
      actionmailbox (= 8.1.3.1)
      actionmailer (= 8.1.3.1)
      actionpack (= 8.1.3.1)
      actiontext (= 8.1.3.1)
      actionview (= 8.1.3.1)
      activejob (= 8.1.3.1)
      activemodel (= 8.1.3.1)
      activerecord (= 8.1.3.1)
      activestorage (= 8.1.3.1)
      activesupport (= 8.1.3.1)
      bundler (>= 1.15.0)
      railties (= 8.1.3.1)
    rails-dom-testing (2.3.0)
      activesupport (>= 5.0.0)
      minitest
      nokogiri (>= 1.6)
    rails-html-sanitizer (1.7.1)
      loofah (~> 2.25, >= 2.25.2)
      nokogiri (>= 1.15.7, != 1.16.7, != 1.16.6, != 1.16.5, != 1.16.4, != 1.16.3, != 1.16.2, != 1.16.1, != 1.16.0.rc1, != 1.16.0)
    railties (8.1.3.1)
      actionpack (= 8.1.3.1)
      activesupport (= 8.1.3.1)
      irb (~> 1.13)
      rackup (>= 1.0.0)
      rake (>= 12.2)
      thor (~> 1.0, >= 1.2.2)
      tsort (>= 0.2)
      zeitwerk (~> 2.6)
    rake (13.4.2)
    rbs (4.1.3)
      logger
      prism (>= 1.6.0)
      tsort
    rdoc (8.0.0)
      erb
      prism (>= 1.6.0)
      rbs (>= 4.0.0)
      tsort
    redis (5.4.1)
      redis-client (>= 0.22.0)
    redis-client (0.26.4)
      connection_pool
    regexp_parser (2.11.3)
    reline (0.7.0)
      io-console (~> 0.5)
    responders (3.2.0)
      actionpack (>= 7.0)
      railties (>= 7.0)
    rexml (3.4.4)
    ruby-vips (2.3.0)
      ffi (~> 1.12)
      logger
    rubyzip (3.6.0)
    securerandom (0.4.1)
    selenium-webdriver (4.40.0)
      base64 (~> 0.2)
      logger (~> 1.4)
      rexml (~> 3.2, >= 3.2.5)
      rubyzip (>= 1.2.2, < 4.0)
      websocket (~> 1.0)
    sidekiq (8.1.1)
      connection_pool (>= 3.0.0)
      json (>= 2.16.0)
      logger (>= 1.7.0)
      rack (>= 3.2.0)
      redis-client (>= 0.26.0)
    sin_lru_redux (2.5.2)
    snaky_hash (2.0.7)
      hashie (>= 0.1.0, < 6)
      version_gem (~> 1.1, >= 1.1.14)
    stimulus-rails (1.3.4)
      railties (>= 6.0.0)
    tailwind_merge (0.16.0)
      sin_lru_redux (~> 2.5)
    tailwindcss-rails (4.4.0)
      railties (>= 7.0.0)
      tailwindcss-ruby (~> 4.0)
    tailwindcss-ruby (4.2.0)
    tailwindcss-ruby (4.2.0-aarch64-linux-gnu)
    tailwindcss-ruby (4.2.0-aarch64-linux-musl)
    tailwindcss-ruby (4.2.0-arm64-darwin)
    tailwindcss-ruby (4.2.0-x86_64-darwin)
    tailwindcss-ruby (4.2.0-x86_64-linux-gnu)
    tailwindcss-ruby (4.2.0-x86_64-linux-musl)
    thor (1.5.0)
    timeout (0.6.1)
    tsort (0.2.0)
    turbo-rails (2.0.21)
      actionpack (>= 7.1.0)
      railties (>= 7.1.0)
    tzinfo (2.0.6)
      concurrent-ruby (~> 1.0)
    uri (1.1.1)
    useragent (0.16.11)
    version_gem (1.1.15)
    view_component (4.12.0)
      actionview (>= 7.1.0)
      activesupport (>= 7.1.0)
      concurrent-ruby (~> 1)
    warden (1.2.9)
      rack (>= 2.0.9)
    web-console (4.2.1)
      actionview (>= 6.0.0)
      activemodel (>= 6.0.0)
      bindex (>= 0.4.0)
      railties (>= 6.0.0)
    websocket (1.2.11)
    websocket-driver (0.8.2)
      base64
      websocket-extensions (>= 0.1.0)
    websocket-extensions (0.1.5)
    xpath (3.2.0)
      nokogiri (~> 1.8)
    zeitwerk (2.8.3)

PLATFORMS
  aarch64-linux
  aarch64-linux-gnu
  aarch64-linux-musl
  arm-linux
  arm-linux-gnu
  arm-linux-musl
  arm64-darwin
  x86_64-darwin
  x86_64-linux-gnu
  x86_64-linux-musl

DEPENDENCIES
  capybara
  debug
  devise
  flat_pack!
  image_processing (~> 1.2)
  importmap-rails
  pg (~> 1.1)
  propshaft (~> 1.0)
  puma (>= 5.0)
  rails (>= 8.1.2.1, < 8.2)
  recording_studio!
  recording_studio_accessible!
  recording_studio_admin!
  recording_studio_api!
  recording_studio_attachable!
  recording_studio_mcp!
  recording_studio_oauth!
  recording_studio_root_switchable!
  recording_studio_site_settings!
  recording_studio_user!
  redis
  selenium-webdriver
  sidekiq
  stimulus-rails
  tailwindcss-rails (~> 4.0)
  turbo-rails
  view_component
  web-console

BUNDLED WITH
  4.0.10
